
Microsoft Visual Studio Solution File, Format Version 12.00
# Visual Studio 2013
VisualStudioVersion = 12.0.40629.0
MinimumVisualStudioVersion = 10.0.40219.1
Project("{FAE04EC0-301F-11D3-BF4B-00C04F79EFBC}") = "GUI", "GUI\GUI.csproj", "{E6875045-6BBB-4F3E-8B98-B50EE0BD2031}"
EndProject
Project("{FAE04EC0-301F-11D3-BF4B-00C04F79EFBC}") = "DAL_BLL", "DAL_BLL\DAL_BLL.csproj", "{FC43E79D-B74D-4454-97AE-4A92F574DE14}"
EndProject
Project("{FAE04EC0-301F-11D3-BF4B-00C04F79EFBC}") = "Controls", "Controls\Controls.csproj", "{F5CD89CC-537E-4F44-949B-E8D25DA64569}"
EndProject
Global
	GlobalSection(SolutionConfigurationPlatforms) = preSolution
		Debug|Any CPU = Debug|Any CPU
		Release|Any CPU = Release|Any CPU
	EndGlobalSection
	GlobalSection(ProjectConfigurationPlatforms) = postSolution
		{E6875045-6BBB-4F3E-8B98-B50EE0BD2031}.Debug|Any CPU.ActiveCfg = Debug|Any CPU
		{E6875045-6BBB-4F3E-8B98-B50EE0BD2031}.Debug|Any CPU.Build.0 = Debug|Any CPU
		{E6875045-6BBB-4F3E-8B98-B50EE0BD2031}.Release|Any CPU.ActiveCfg = Release|Any CPU
		{E6875045-6BBB-4F3E-8B98-B50EE0BD2031}.Release|Any CPU.Build.0 = Release|Any CPU
		{FC43E79D-B74D-4454-97AE-4A92F574DE14}.Debug|Any CPU.ActiveCfg = Debug|Any CPU
		{FC43E79D-B74D-4454-97AE-4A92F574DE14}.Debug|Any CPU.Build.0 = Debug|Any CPU
		{FC43E79D-B74D-4454-97AE-4A92F574DE14}.Release|Any CPU.ActiveCfg = Release|Any CPU
		{FC43E79D-B74D-4454-97AE-4A92F574DE14}.Release|Any CPU.Build.0 = Release|Any CPU
		{F5CD89CC-537E-4F44-949B-E8D25DA64569}.Debug|Any CPU.ActiveCfg = Debug|Any CPU
		{F5CD89CC-537E-4F44-949B-E8D25DA64569}.Debug|Any CPU.Build.0 = Debug|Any CPU
		{F5CD89CC-537E-4F44-949B-E8D25DA64569}.Release|Any CPU.ActiveCfg = Release|Any CPU
		{F5CD89CC-537E-4F44-949B-E8D25DA64569}.Release|Any CPU.Build.0 = Release|Any CPU
	EndGlobalSection
	GlobalSection(SolutionProperties) = preSolution
		HideSolutionNode = FALSE
	EndGlobalSection
EndGlobal
